
Microsoft Visual Studio Solution File, Format Version 12.00
# Visual Studio 15
VisualStudioVersion = 15.0.28307.271
MinimumVisualStudioVersion = 10.0.40219.1
Project("{FAE04EC0-301F-11D3-BF4B-00C04F79EFBC}") = "MathDuel.Android", "MathDuel\MathDuel.Android\MathDuel.Android.csproj", "{F60D98E5-10A9-4827-8F2E-6013E0CEAA12}"
EndProject
Project("{FAE04EC0-301F-11D3-BF4B-00C04F79EFBC}") = "MathDuel.iOS", "MathDuel\MathDuel.iOS\MathDuel.iOS.csproj", "{93301441-8CE8-4C49-AC7C-4788A2FB6F18}"
EndProject
Project("{FAE04EC0-301F-11D3-BF4B-00C04F79EFBC}") = "MathDuel", "MathDuel\MathDuel\MathDuel.csproj", "{62A1591E-5E2A-4B51-AC19-F704C794B688}"
EndProject
Global
	GlobalSection(SolutionConfigurationPlatforms) = preSolution
		Ad-Hoc|Any CPU = Ad-Hoc|Any CPU
		Ad-Hoc|iPhone = Ad-Hoc|iPhone
		Ad-Hoc|iPhoneSimulator = Ad-Hoc|iPhoneSimulator
		AppStore|Any CPU = AppStore|Any CPU
		AppStore|iPhone = AppStore|iPhone
		AppStore|iPhoneSimulator = AppStore|iPhoneSimulator
		Debug|Any CPU = Debug|Any CPU
		Debug|iPhone = Debug|iPhone
		Debug|iPhoneSimulator = Debug|iPhoneSimulator
		Release|Any CPU = Release|Any CPU
		Release|iPhone = Release|iPhone
		Release|iPhoneSimulator = Release|iPhoneSimulator
	EndGlobalSection
	GlobalSection(ProjectConfigurationPlatforms) = postSolution
		{F60D98E5-10A9-4827-8F2E-6013E0CEAA12}.Ad-Hoc|Any CPU.ActiveCfg = Release|Any CPU
		{F60D98E5-10A9-4827-8F2E-6013E0CEAA12}.Ad-Hoc|Any CPU.Build.0 = Release|Any CPU
		{F60D98E5-10A9-4827-8F2E-6013E0CEAA12}.Ad-Hoc|Any CPU.Deploy.0 = Release|Any CPU
		{F60D98E5-10A9-4827-8F2E-6013E0CEAA12}.Ad-Hoc|iPhone.ActiveCfg = Release|Any CPU
		{F60D98E5-10A9-4827-8F2E-6013E0CEAA12}.Ad-Hoc|iPhone.Build.0 = Release|Any CPU
		{F60D98E5-10A9-4827-8F2E-6013E0CEAA12}.Ad-Hoc|iPhone.Deploy.0 = Release|Any CPU
		{F60D98E5-10A9-4827-8F2E-6013E0CEAA12}.Ad-Hoc|iPhoneSimulator.ActiveCfg = Release|Any CPU
		{F60D98E5-10A9-4827-8F2E-6013E0CEAA12}.Ad-Hoc|iPhoneSimulator.Build.0 = Release|Any CPU
		{F60D98E5-10A9-4827-8F2E-6013E0CEAA12}.Ad-Hoc|iPhoneSimulator.Deploy.0 = Release|Any CPU
		{F60D98E5-10A9-4827-8F2E-6013E0CEAA12}.AppStore|Any CPU.ActiveCfg = Release|Any CPU
		{F60D98E5-10A9-4827-8F2E-6013E0CEAA12}.AppStore|Any CPU.Build.0 = Release|Any CPU
		{F60D98E5-10A9-4827-8F2E-6013E0CEAA12}.AppStore|Any CPU.Deploy.0 = Release|Any CPU
		{F60D98E5-10A9-4827-8F2E-6013E0CEAA12}.AppStore|iPhone.ActiveCfg = Release|Any CPU
		{F60D98E5-10A9-4827-8F2E-6013E0CEAA12}.AppStore|iPhone.Build.0 = Release|Any CPU
		{F60D98E5-10A9-4827-8F2E-6013E0CEAA12}.AppStore|iPhone.Deploy.0 = Release|Any CPU
		{F60D98E5-10A9-4827-8F2E-6013E0CEAA12}.AppStore|iPhoneSimulator.ActiveCfg = Release|Any CPU
		{F60D98E5-10A9-4827-8F2E-6013E0CEAA12}.AppStore|iPhoneSimulator.Build.0 = Release|Any CPU
		{F60D98E5-10A9-4827-8F2E-6013E0CEAA12}.AppStore|iPhoneSimulator.Deploy.0 = Release|Any CPU
		{F60D98E5-10A9-4827-8F2E-6013E0CEAA12}.Debug|Any CPU.ActiveCfg = Debug|Any CPU
		{F60D98E5-10A9-4827-8F2E-6013E0CEAA12}.Debug|Any CPU.Build.0 = Debug|Any CPU
		{F60D98E5-10A9-4827-8F2E-6013E0CEAA12}.Debug|Any CPU.Deploy.0 = Debug|Any CPU
		{F60D98E5-10A9-4827-8F2E-6013E0CEAA12}.Debug|iPhone.ActiveCfg = Debug|Any CPU
		{F60D98E5-10A9-4827-8F2E-6013E0CEAA12}.Debug|iPhone.Build.0 = Debug|Any CPU
		{F60D98E5-10A9-4827-8F2E-6013E0CEAA12}.Debug|iPhone.Deploy.0 = Debug|Any CPU
		{F60D98E5-10A9-4827-8F2E-6013E0CEAA12}.Debug|iPhoneSimulator.ActiveCfg = Debug|Any CPU
		{F60D98E5-10A9-4827-8F2E-6013E0CEAA12}.Debug|iPhoneSimulator.Build.0 = Debug|Any CPU
		{F60D98E5-10A9-4827-8F2E-6013E0CEAA12}.Debug|iPhoneSimulator.Deploy.0 = Debug|Any CPU
		{F60D98E5-10A9-4827-8F2E-6013E0CEAA12}.Release|Any CPU.ActiveCfg = Release|Any CPU
		{F60D98E5-10A9-4827-8F2E-6013E0CEAA12}.Release|Any CPU.Build.0 = Release|Any CPU
		{F60D98E5-10A9-4827-8F2E-6013E0CEAA12}.Release|Any CPU.Deploy.0 = Release|Any CPU
		{F60D98E5-10A9-4827-8F2E-6013E0CEAA12}.Release|iPhone.ActiveCfg = Release|Any CPU
		{F60D98E5-10A9-4827-8F2E-6013E0CEAA12}.Release|iPhone.Build.0 = Release|Any CPU
		{F60D98E5-10A9-4827-8F2E-6013E0CEAA12}.Release|iPhone.Deploy.0 = Release|Any CPU
		{F60D98E5-10A9-4827-8F2E-6013E0CEAA12}.Release|iPhoneSimulator.ActiveCfg = Release|Any CPU
		{F60D98E5-10A9-4827-8F2E-6013E0CEAA12}.Release|iPhoneSimulator.Build.0 = Release|Any CPU
		{F60D98E5-10A9-4827-8F2E-6013E0CEAA12}.Release|iPhoneSimulator.Deploy.0 = Release|Any CPU
		{93301441-8CE8-4C49-AC7C-4788A2FB6F18}.Ad-Hoc|Any CPU.ActiveCfg = Ad-Hoc|iPhone
		{93301441-8CE8-4C49-AC7C-4788A2FB6F18}.Ad-Hoc|Any CPU.Build.0 = Ad-Hoc|iPhone
		{93301441-8CE8-4C49-AC7C-4788A2FB6F18}.Ad-Hoc|Any CPU.Deploy.0 = Ad-Hoc|iPhone
		{93301441-8CE8-4C49-AC7C-4788A2FB6F18}.Ad-Hoc|iPhone.ActiveCfg = Ad-Hoc|iPhone
		{93301441-8CE8-4C49-AC7C-4788A2FB6F18}.Ad-Hoc|iPhone.Build.0 = Ad-Hoc|iPhone
		{93301441-8CE8-4C49-AC7C-4788A2FB6F18}.Ad-Hoc|iPhone.Deploy.0 = Ad-Hoc|iPhone
		{93301441-8CE8-4C49-AC7C-4788A2FB6F18}.Ad-Hoc|iPhoneSimulator.ActiveCfg = Ad-Hoc|iPhoneSimulator
		{93301441-8CE8-4C49-AC7C-4788A2FB6F18}.Ad-Hoc|iPhoneSimulator.Build.0 = Ad-Hoc|iPhoneSimulator
		{93301441-8CE8-4C49-AC7C-4788A2FB6F18}.Ad-Hoc|iPhoneSimulator.Deploy.0 = Ad-Hoc|iPhoneSimulator
		{93301441-8CE8-4C49-AC7C-4788A2FB6F18}.AppStore|Any CPU.ActiveCfg = AppStore|iPhone
		{93301441-8CE8-4C49-AC7C-4788A2FB6F18}.AppStore|Any CPU.Build.0 = AppStore|iPhone
		{93301441-8CE8-4C49-AC7C-4788A2FB6F18}.AppStore|Any CPU.Deploy.0 = AppStore|iPhone
		{93301441-8CE8-4C49-AC7C-4788A2FB6F18}.AppStore|iPhone.ActiveCfg = AppStore|iPhone
		{93301441-8CE8-4C49-AC7C-4788A2FB6F18}.AppStore|iPhone.Build.0 = AppStore|iPhone
		{93301441-8CE8-4C49-AC7C-4788A2FB6F18}.AppStore|iPhone.Deploy.0 = AppStore|iPhone
		{93301441-8CE8-4C49-AC7C-4788A2FB6F18}.AppStore|iPhoneSimulator.ActiveCfg = AppStore|iPhoneSimulator
		{93301441-8CE8-4C49-AC7C-4788A2FB6F18}.AppStore|iPhoneSimulator.Build.0 = AppStore|iPhoneSimulator
		{93301441-8CE8-4C49-AC7C-4788A2FB6F18}.AppStore|iPhoneSimulator.Deploy.0 = AppStore|iPhoneSimulator
		{93301441-8CE8-4C49-AC7C-4788A2FB6F18}.Debug|Any CPU.ActiveCfg = Debug|iPhoneSimulator
		{93301441-8CE8-4C49-AC7C-4788A2FB6F18}.Debug|Any CPU.Build.0 = Debug|iPhoneSimulator
		{93301441-8CE8-4C49-AC7C-4788A2FB6F18}.Debug|Any CPU.Deploy.0 = Debug|iPhoneSimulator
		{93301441-8CE8-4C49-AC7C-4788A2FB6F18}.Debug|iPhone.ActiveCfg = Debug|iPhone
		{93301441-8CE8-4C49-AC7C-4788A2FB6F18}.Debug|iPhone.Build.0 = Debug|iPhone
		{93301441-8CE8-4C49-AC7C-4788A2FB6F18}.Debug|iPhone.Deploy.0 = Debug|iPhone
		{93301441-8CE8-4C49-AC7C-4788A2FB6F18}.Debug|iPhoneSimulator.ActiveCfg = Debug|iPhoneSimulator
		{93301441-8CE8-4C49-AC7C-4788A2FB6F18}.Debug|iPhoneSimulator.Build.0 = Debug|iPhoneSimulator
		{93301441-8CE8-4C49-AC7C-4788A2FB6F18}.Debug|iPhoneSimulator.Deploy.0 = Debug|iPhoneSimulator
		{93301441-8CE8-4C49-AC7C-4788A2FB6F18}.Release|Any CPU.ActiveCfg = Release|iPhone
		{93301441-8CE8-4C49-AC7C-4788A2FB6F18}.Release|Any CPU.Build.0 = Release|iPhone
		{93301441-8CE8-4C49-AC7C-4788A2FB6F18}.Release|Any CPU.Deploy.0 = Release|iPhone
		{93301441-8CE8-4C49-AC7C-4788A2FB6F18}.Release|iPhone.ActiveCfg = Release|iPhone
		{93301441-8CE8-4C49-AC7C-4788A2FB6F18}.Release|iPhone.Build.0 = Release|iPhone
		{93301441-8CE8-4C49-AC7C-4788A2FB6F18}.Release|iPhone.Deploy.0 = Release|iPhone
		{93301441-8CE8-4C49-AC7C-4788A2FB6F18}.Release|iPhoneSimulator.ActiveCfg = Release|iPhoneSimulator
		{93301441-8CE8-4C49-AC7C-4788A2FB6F18}.Release|iPhoneSimulator.Build.0 = Release|iPhoneSimulator
		{93301441-8CE8-4C49-AC7C-4788A2FB6F18}.Release|iPhoneSimulator.Deploy.0 = Release|iPhoneSimulator
		{62A1591E-5E2A-4B51-AC19-F704C794B688}.Ad-Hoc|Any CPU.ActiveCfg = Debug|Any CPU
		{62A1591E-5E2A-4B51-AC19-F704C794B688}.Ad-Hoc|Any CPU.Build.0 = Debug|Any CPU
		{62A1591E-5E2A-4B51-AC19-F704C794B688}.Ad-Hoc|Any CPU.Deploy.0 = Debug|Any CPU
		{62A1591E-5E2A-4B51-AC19-F704C794B688}.Ad-Hoc|iPhone.ActiveCfg = Debug|Any CPU
		{62A1591E-5E2A-4B51-AC19-F704C794B688}.Ad-Hoc|iPhone.Build.0 = Debug|Any CPU
		{62A1591E-5E2A-4B51-AC19-F704C794B688}.Ad-Hoc|iPhone.Deploy.0 = Debug|Any CPU
		{62A1591E-5E2A-4B51-AC19-F704C794B688}.Ad-Hoc|iPhoneSimulator.ActiveCfg = Debug|Any CPU
		{62A1591E-5E2A-4B51-AC19-F704C794B688}.Ad-Hoc|iPhoneSimulator.Build.0 = Debug|Any CPU
		{62A1591E-5E2A-4B51-AC19-F704C794B688}.Ad-Hoc|iPhoneSimulator.Deploy.0 = Debug|Any CPU
		{62A1591E-5E2A-4B51-AC19-F704C794B688}.AppStore|Any CPU.ActiveCfg = Debug|Any CPU
		{62A1591E-5E2A-4B51-AC19-F704C794B688}.AppStore|Any CPU.Build.0 = Debug|Any CPU
		{62A1591E-5E2A-4B51-AC19-F704C794B688}.AppStore|Any CPU.Deploy.0 = Debug|Any CPU
		{62A1591E-5E2A-4B51-AC19-F704C794B688}.AppStore|iPhone.ActiveCfg = Debug|Any CPU
		{62A1591E-5E2A-4B51-AC19-F704C794B688}.AppStore|iPhone.Build.0 = Debug|Any CPU
		{62A1591E-5E2A-4B51-AC19-F704C794B688}.AppStore|iPhone.Deploy.0 = Debug|Any CPU
		{62A1591E-5E2A-4B51-AC19-F704C794B688}.AppStore|iPhoneSimulator.ActiveCfg = Debug|Any CPU
		{62A1591E-5E2A-4B51-AC19-F704C794B688}.AppStore|iPhoneSimulator.Build.0 = Debug|Any CPU
		{62A1591E-5E2A-4B51-AC19-F704C794B688}.AppStore|iPhoneSimulator.Deploy.0 = Debug|Any CPU
		{62A1591E-5E2A-4B51-AC19-F704C794B688}.Debug|Any CPU.ActiveCfg = Debug|Any CPU
		{62A1591E-5E2A-4B51-AC19-F704C794B688}.Debug|Any CPU.Build.0 = Debug|Any CPU
		{62A1591E-5E2A-4B51-AC19-F704C794B688}.Debug|Any CPU.Deploy.0 = Debug|Any CPU
		{62A1591E-5E2A-4B51-AC19-F704C794B688}.Debug|iPhone.ActiveCfg = Debug|Any CPU
		{62A1591E-5E2A-4B51-AC19-F704C794B688}.Debug|iPhone.Build.0 = Debug|Any CPU
		{62A1591E-5E2A-4B51-AC19-F704C794B688}.Debug|iPhone.Deploy.0 = Debug|Any CPU
		{62A1591E-5E2A-4B51-AC19-F704C794B688}.Debug|iPhoneSimulator.ActiveCfg = Debug|Any CPU
		{62A1591E-5E2A-4B51-AC19-F704C794B688}.Debug|iPhoneSimulator.Build.0 = Debug|Any CPU
		{62A1591E-5E2A-4B51-AC19-F704C794B688}.Debug|iPhoneSimulator.Deploy.0 = Debug|Any CPU
		{62A1591E-5E2A-4B51-AC19-F704C794B688}.Release|Any CPU.ActiveCfg = Release|Any CPU
		{62A1591E-5E2A-4B51-AC19-F704C794B688}.Release|Any CPU.Build.0 = Release|Any CPU
		{62A1591E-5E2A-4B51-AC19-F704C794B688}.Release|Any CPU.Deploy.0 = Release|Any CPU
		{62A1591E-5E2A-4B51-AC19-F704C794B688}.Release|iPhone.ActiveCfg = Release|Any CPU
		{62A1591E-5E2A-4B51-AC19-F704C794B688}.Release|iPhone.Build.0 = Release|Any CPU
		{62A1591E-5E2A-4B51-AC19-F704C794B688}.Release|iPhone.Deploy.0 = Release|Any CPU
		{62A1591E-5E2A-4B51-AC19-F704C794B688}.Release|iPhoneSimulator.ActiveCfg = Release|Any CPU
		{62A1591E-5E2A-4B51-AC19-F704C794B688}.Release|iPhoneSimulator.Build.0 = Release|Any CPU
		{62A1591E-5E2A-4B51-AC19-F704C794B688}.Release|iPhoneSimulator.Deploy.0 = Release|Any CPU
	EndGlobalSection
	GlobalSection(SolutionProperties) = preSolution
		HideSolutionNode = FALSE
	EndGlobalSection
	GlobalSection(ExtensibilityGlobals) = postSolution
		SolutionGuid = {C1698D56-0F9E-46E9-9B58-2E95CCA36C17}
	EndGlobalSection
EndGlobal
